
Microsoft Visual Studio Solution File, Format Version 12.00
# Visual Studio Version 16
VisualStudioVersion = 16.0.30320.27
MinimumVisualStudioVersion = 10.0.40219.1
Project("{FAE04EC0-301F-11D3-BF4B-00C04F79EFBC}") = "Assignment1", "Assignment1.csproj", "{95E94EF9-CAED-434E-9BAA-98D98E6D1634}"
EndProject
Global
	GlobalSection(SolutionConfigurationPlatforms) = preSolution
		Debug|Any CPU = Debug|Any CPU
		Release|Any CPU = Release|Any CPU
	EndGlobalSection
	GlobalSection(ProjectConfigurationPlatforms) = postSolution
		{95E94EF9-CAED-434E-9BAA-98D98E6D1634}.Debug|Any CPU.ActiveCfg = Debug|Any CPU
		{95E94EF9-CAED-434E-9BAA-98D98E6D1634}.Debug|Any CPU.Build.0 = Debug|Any CPU
		{95E94EF9-CAED-434E-9BAA-98D98E6D1634}.Release|Any CPU.ActiveCfg = Release|Any CPU
		{95E94EF9-CAED-434E-9BAA-98D98E6D1634}.Release|Any CPU.Build.0 = Release|Any CPU
	EndGlobalSection
	GlobalSection(SolutionProperties) = preSolution
		HideSolutionNode = FALSE
	EndGlobalSection
	GlobalSection(ExtensibilityGlobals) = postSolution
		SolutionGuid = {55F95F7C-D566-4B4D-B5BB-B6C0B805A5C8}
	EndGlobalSection
EndGlobal
